// !$*UTF8*$!
{
	archiveVersion = 1;
	classes = {
	};
	objectVersion = 56;
	objects = {

/* Begin PBXBuildFile section */
		6489EF0D2B383EEC00BDF38F /* CatOrDog 1.mlmodel in Sources */ = {isa = PBXBuildFile; fileRef = 6489EF0C2B383EEC00BDF38F /* CatOrDog 1.mlmodel */; };
		6489EF0F2B3A813600BDF38F /* ProgressBar.swift in Sources */ = {isa = PBXBuildFile; fileRef = 6489EF0E2B3A813600BDF38F /* ProgressBar.swift */; };
		648A976F2B3AA80900B82FBF /* AnimalRow.swift in Sources */ = {isa = PBXBuildFile; fileRef = 648A976E2B3AA80900B82FBF /* AnimalRow.swift */; };
		64A38D8D2B31203200C6BE99 /* _1_swift_imageClassifierApp.swift in Sources */ = {isa = PBXBuildFile; fileRef = 64A38D8C2B31203200C6BE99 /* _1_swift_imageClassifierApp.swift */; };
		64A38D8F2B31203200C6BE99 /* ContentView.swift in Sources */ = {isa = PBXBuildFile; fileRef = 64A38D8E2B31203200C6BE99 /* ContentView.swift */; };
		64A38D912B31203400C6BE99 /* Assets.xcassets in Resources */ = {isa = PBXBuildFile; fileRef = 64A38D902B31203400C6BE99 /* Assets.xcassets */; };
		64A38D952B31203400C6BE99 /* Preview Assets.xcassets in Resources */ = {isa = PBXBuildFile; fileRef = 64A38D942B31203400C6BE99 /* Preview Assets.xcassets */; };
		64A38D9E2B31230100C6BE99 /* Constants.swift in Sources */ = {isa = PBXBuildFile; fileRef = 64A38D9B2B3122FF00C6BE99 /* Constants.swift */; };
		64A38D9F2B31230100C6BE99 /* MobileNetV2.mlmodel in Sources */ = {isa = PBXBuildFile; fileRef = 64A38D9C2B31230100C6BE99 /* MobileNetV2.mlmodel */; };
		64A38DA02B31230100C6BE99 /* sample.json in Resources */ = {isa = PBXBuildFile; fileRef = 64A38D9D2B31230100C6BE99 /* sample.json */; };
		64A38DA22B312AAF00C6BE99 /* Animal.swift in Sources */ = {isa = PBXBuildFile; fileRef = 64A38DA12B312AAF00C6BE99 /* Animal.swift */; };
		64A38DA42B3136D100C6BE99 /* AnimalModel.swift in Sources */ = {isa = PBXBuildFile; fileRef = 64A38DA32B3136D100C6BE99 /* AnimalModel.swift */; };
/* End PBXBuildFile section */

/* Begin PBXFileReference section */
		6489EF0C2B383EEC00BDF38F /* CatOrDog 1.mlmodel */ = {isa = PBXFileReference; lastKnownFileType = file.mlmodel; path = "CatOrDog 1.mlmodel"; sourceTree = "<group>"; };
		6489EF0E2B3A813600BDF38F /* ProgressBar.swift */ = {isa = PBXFileReference; lastKnownFileType = sourcecode.swift; path = ProgressBar.swift; sourceTree = "<group>"; };
		648A976E2B3AA80900B82FBF /* AnimalRow.swift */ = {isa = PBXFileReference; lastKnownFileType = sourcecode.swift; path = AnimalRow.swift; sourceTree = "<group>"; };
		64A38D892B31203200C6BE99 /* 21-swift-imageClassifier.app */ = {isa = PBXFileReference; explicitFileType = wrapper.application; includeInIndex = 0; path = "21-swift-imageClassifier.app"; sourceTree = BUILT_PRODUCTS_DIR; };
		64A38D8C2B31203200C6BE99 /* _1_swift_imageClassifierApp.swift */ = {isa = PBXFileReference; lastKnownFileType = sourcecode.swift; path = _1_swift_imageClassifierApp.swift; sourceTree = "<group>"; };
		64A38D8E2B31203200C6BE99 /* ContentView.swift */ = {isa = PBXFileReference; lastKnownFileType = sourcecode.swift; path = ContentView.swift; sourceTree = "<group>"; };
		64A38D902B31203400C6BE99 /* Assets.xcassets */ = {isa = PBXFileReference; lastKnownFileType = folder.assetcatalog; path = Assets.xcassets; sourceTree = "<group>"; };
		64A38D922B31203400C6BE99 /* _1_swift_imageClassifier.entitlements */ = {isa = PBXFileReference; lastKnownFileType = text.plist.entitlements; path = _1_swift_imageClassifier.entitlements; sourceTree = "<group>"; };
		64A38D942B31203400C6BE99 /* Preview Assets.xcassets */ = {isa = PBXFileReference; lastKnownFileType = folder.assetcatalog; path = "Preview Assets.xcassets"; sourceTree = "<group>"; };
		64A38D9B2B3122FF00C6BE99 /* Constants.swift */ = {isa = PBXFileReference; fileEncoding = 4; lastKnownFileType = sourcecode.swift; path = Constants.swift; sourceTree = "<group>"; };
		64A38D9C2B31230100C6BE99 /* MobileNetV2.mlmodel */ = {isa = PBXFileReference; lastKnownFileType = file.mlmodel; path = MobileNetV2.mlmodel; sourceTree = "<group>"; };
		64A38D9D2B31230100C6BE99 /* sample.json */ = {isa = PBXFileReference; fileEncoding = 4; lastKnownFileType = text.json; path = sample.json; sourceTree = "<group>"; };
		64A38DA12B312AAF00C6BE99 /* Animal.swift */ = {isa = PBXFileReference; lastKnownFileType = sourcecode.swift; path = Animal.swift; sourceTree = "<group>"; };
		64A38DA32B3136D100C6BE99 /* AnimalModel.swift */ = {isa = PBXFileReference; lastKnownFileType = sourcecode.swift; path = AnimalModel.swift; sourceTree = "<group>"; };
/* End PBXFileReference section */

/* Begin PBXFrameworksBuildPhase section */
		64A38D862B31203200C6BE99 /* Frameworks */ = {
			isa = PBXFrameworksBuildPhase;
			buildActionMask = 2147483647;
			files = (
			);
			runOnlyForDeploymentPostprocessing = 0;
		};
/* End PBXFrameworksBuildPhase section */

/* Begin PBXGroup section */
		64A38D802B31203200C6BE99 = {
			isa = PBXGroup;
			children = (
				64A38D8B2B31203200C6BE99 /* 21-swift-imageClassifier */,
				64A38D8A2B31203200C6BE99 /* Products */,
			);
			sourceTree = "<group>";
		};
		64A38D8A2B31203200C6BE99 /* Products */ = {
			isa = PBXGroup;
			children = (
				64A38D892B31203200C6BE99 /* 21-swift-imageClassifier.app */,
			);
			name = Products;
			sourceTree = "<group>";
		};
		64A38D8B2B31203200C6BE99 /* 21-swift-imageClassifier */ = {
			isa = PBXGroup;
			children = (
				64A38D8C2B31203200C6BE99 /* _1_swift_imageClassifierApp.swift */,
				64A38D8E2B31203200C6BE99 /* ContentView.swift */,
				6489EF0E2B3A813600BDF38F /* ProgressBar.swift */,
				648A976E2B3AA80900B82FBF /* AnimalRow.swift */,
				64A38DA12B312AAF00C6BE99 /* Animal.swift */,
				64A38DA32B3136D100C6BE99 /* AnimalModel.swift */,
				64A38D902B31203400C6BE99 /* Assets.xcassets */,
				64A38D9B2B3122FF00C6BE99 /* Constants.swift */,
				64A38D9C2B31230100C6BE99 /* MobileNetV2.mlmodel */,
				6489EF0C2B383EEC00BDF38F /* CatOrDog 1.mlmodel */,
				64A38D9D2B31230100C6BE99 /* sample.json */,
				64A38D922B31203400C6BE99 /* _1_swift_imageClassifier.entitlements */,
				64A38D932B31203400C6BE99 /* Preview Content */,
			);
			path = "21-swift-imageClassifier";
			sourceTree = "<group>";
		};
		64A38D932B31203400C6BE99 /* Preview Content */ = {
			isa = PBXGroup;
			children = (
				64A38D942B31203400C6BE99 /* Preview Assets.xcassets */,
			);
			path = "Preview Content";
			sourceTree = "<group>";
		};
/* End PBXGroup section */

/* Begin PBXNativeTarget section */
		64A38D882B31203200C6BE99 /* 21-swift-imageClassifier */ = {
			isa = PBXNativeTarget;
			buildConfigurationList = 64A38D982B31203400C6BE99 /* Build configuration list for PBXNativeTarget "21-swift-imageClassifier" */;
			buildPhases = (
				64A38D852B31203200C6BE99 /* Sources */,
				64A38D862B31203200C6BE99 /* Frameworks */,
				64A38D872B31203200C6BE99 /* Resources */,
			);
			buildRules = (
			);
			dependencies = (
			);
			name = "21-swift-imageClassifier";
			productName = "21-swift-imageClassifier";
			productReference = 64A38D892B31203200C6BE99 /* 21-swift-imageClassifier.app */;
			productType = "com.apple.product-type.application";
		};
/* End PBXNativeTarget section */

/* Begin PBXProject section */
		64A38D812B31203200C6BE99 /* Project object */ = {
			isa = PBXProject;
			attributes = {
				BuildIndependentTargetsInParallel = 1;
				LastSwiftUpdateCheck = 1420;
				LastUpgradeCheck = 1420;
				TargetAttributes = {
					64A38D882B31203200C6BE99 = {
						CreatedOnToolsVersion = 14.2;
					};
				};
			};
			buildConfigurationList = 64A38D842B31203200C6BE99 /* Build configuration list for PBXProject "21-swift-imageClassifier" */;
			compatibilityVersion = "Xcode 14.0";
			developmentRegion = en;
			hasScannedForEncodings = 0;
			knownRegions = (
				en,
				Base,
			);
			mainGroup = 64A38D802B31203200C6BE99;
			productRefGroup = 64A38D8A2B31203200C6BE99 /* Products */;
			projectDirPath = "";
			projectRoot = "";
			targets = (
				64A38D882B31203200C6BE99 /* 21-swift-imageClassifier */,
			);
		};
/* End PBXProject section */

/* Begin PBXResourcesBuildPhase section */
		64A38D872B31203200C6BE99 /* Resources */ = {
			isa = PBXResourcesBuildPhase;
			buildActionMask = 2147483647;
			files = (
				64A38D952B31203400C6BE99 /* Preview Assets.xcassets in Resources */,
				64A38D912B31203400C6BE99 /* Assets.xcassets in Resources */,
				64A38DA02B31230100C6BE99 /* sample.json in Resources */,
			);
			runOnlyForDeploymentPostprocessing = 0;
		};
/* End PBXResourcesBuildPhase section */

/* Begin PBXSourcesBuildPhase section */
		64A38D852B31203200C6BE99 /* Sources */ = {
			isa = PBXSourcesBuildPhase;
			buildActionMask = 2147483647;
			files = (
				64A38D8F2B31203200C6BE99 /* ContentView.swift in Sources */,
				64A38DA42B3136D100C6BE99 /* AnimalModel.swift in Sources */,
				64A38D8D2B31203200C6BE99 /* _1_swift_imageClassifierApp.swift in Sources */,
				64A38D9F2B31230100C6BE99 /* MobileNetV2.mlmodel in Sources */,
				648A976F2B3AA80900B82FBF /* AnimalRow.swift in Sources */,
				6489EF0D2B383EEC00BDF38F /* CatOrDog 1.mlmodel in Sources */,
				64A38D9E2B31230100C6BE99 /* Constants.swift in Sources */,
				6489EF0F2B3A813600BDF38F /* ProgressBar.swift in Sources */,
				64A38DA22B312AAF00C6BE99 /* Animal.swift in Sources */,
			);
			runOnlyForDeploymentPostprocessing = 0;
		};
/* End PBXSourcesBuildPhase section */

/* Begin XCBuildConfiguration section */
		64A38D962B31203400C6BE99 /* Debug */ = {
			isa = XCBuildConfiguration;
			buildSettings = {
				ALWAYS_SEARCH_USER_PATHS = NO;
				CLANG_ANALYZER_NONNULL = YES;
				CLANG_ANALYZER_NUMBER_OBJECT_CONVERSION = YES_AGGRESSIVE;
				CLANG_CXX_LANGUAGE_STANDARD = "gnu++20";
				CLANG_ENABLE_MODULES = YES;
				CLANG_ENABLE_OBJC_ARC = YES;
				CLANG_ENABLE_OBJC_WEAK = YES;
				CLANG_WARN_BLOCK_CAPTURE_AUTORELEASING = YES;
				CLANG_WARN_BOOL_CONVERSION = YES;
				CLANG_WARN_COMMA = YES;
				CLANG_WARN_CONSTANT_CONVERSION = YES;
				CLANG_WARN_DEPRECATED_OBJC_IMPLEMENTATIONS = YES;
				CLANG_WARN_DIRECT_OBJC_ISA_USAGE = YES_ERROR;
				CLANG_WARN_DOCUMENTATION_COMMENTS = YES;
				CLANG_WARN_EMPTY_BODY = YES;
				CLANG_WARN_ENUM_CONVERSION = YES;
				CLANG_WARN_INFINITE_RECURSION = YES;
				CLANG_WARN_INT_CONVERSION = YES;
				CLANG_WARN_NON_LITERAL_NULL_CONVERSION = YES;
				CLANG_WARN_OBJC_IMPLICIT_RETAIN_SELF = YES;
				CLANG_WARN_OBJC_LITERAL_CONVERSION = YES;
				CLANG_WARN_OBJC_ROOT_CLASS = YES_ERROR;
				CLANG_WARN_QUOTED_INCLUDE_IN_FRAMEWORK_HEADER = YES;
				CLANG_WARN_RANGE_LOOP_ANALYSIS = YES;
				CLANG_WARN_STRICT_PROTOTYPES = YES;
				CLANG_WARN_SUSPICIOUS_MOVE = YES;
				CLANG_WARN_UNGUARDED_AVAILABILITY = YES_AGGRESSIVE;
				CLANG_WARN_UNREACHABLE_CODE = YES;
				CLANG_WARN__DUPLICATE_METHOD_MATCH = YES;
				COPY_PHASE_STRIP = NO;
				DEBUG_INFORMATION_FORMAT = dwarf;
				ENABLE_STRICT_OBJC_MSGSEND = YES;
				ENABLE_TESTABILITY = YES;
				GCC_C_LANGUAGE_STANDARD = gnu11;
				GCC_DYNAMIC_NO_PIC = NO;
				GCC_NO_COMMON_BLOCKS = YES;
				GCC_OPTIMIZATION_LEVEL = 0;
				GCC_PREPROCESSOR_DEFINITIONS = (
					"DEBUG=1",
					"$(inherited)",
				);
				GCC_WARN_64_TO_32_BIT_CONVERSION = YES;
				GCC_WARN_ABOUT_RETURN_TYPE = YES_ERROR;
				GCC_WARN_UNDECLARED_SELECTOR = YES;
				GCC_WARN_UNINITIALIZED_AUTOS = YES_AGGRESSIVE;
				GCC_WARN_UNUSED_FUNCTION = YES;
				GCC_WARN_UNUSED_VARIABLE = YES;
				MTL_ENABLE_DEBUG_INFO = INCLUDE_SOURCE;
				MTL_FAST_MATH = YES;
				ONLY_ACTIVE_ARCH = YES;
				SWIFT_ACTIVE_COMPILATION_CONDITIONS = DEBUG;
				SWIFT_OPTIMIZATION_LEVEL = "-Onone";
			};
			name = Debug;
		};
		64A38D972B31203400C6BE99 /* Release */ = {
			isa = XCBuildConfiguration;
			buildSettings = {
				ALWAYS_SEARCH_USER_PATHS = NO;
				CLANG_ANALYZER_NONNULL = YES;
				CLANG_ANALYZER_NUMBER_OBJECT_CONVERSION = YES_AGGRESSIVE;
				CLANG_CXX_LANGUAGE_STANDARD = "gnu++20";
				CLANG_ENABLE_MODULES = YES;
				CLANG_ENABLE_OBJC_ARC = YES;
				CLANG_ENABLE_OBJC_WEAK = YES;
				CLANG_WARN_BLOCK_CAPTURE_AUTORELEASING = YES;
				CLANG_WARN_BOOL_CONVERSION = YES;
				CLANG_WARN_COMMA = YES;
				CLANG_WARN_CONSTANT_CONVERSION = YES;
				CLANG_WARN_DEPRECATED_OBJC_IMPLEMENTATIONS = YES;
				CLANG_WARN_DIRECT_OBJC_ISA_USAGE = YES_ERROR;
				CLANG_WARN_DOCUMENTATION_COMMENTS = YES;
				CLANG_WARN_EMPTY_BODY = YES;
				CLANG_WARN_ENUM_CONVERSION = YES;
				CLANG_WARN_INFINITE_RECURSION = YES;
				CLANG_WARN_INT_CONVERSION = YES;
				CLANG_WARN_NON_LITERAL_NULL_CONVERSION = YES;
				CLANG_WARN_OBJC_IMPLICIT_RETAIN_SELF = YES;
				CLANG_WARN_OBJC_LITERAL_CONVERSION = YES;
				CLANG_WARN_OBJC_ROOT_CLASS = YES_ERROR;
				CLANG_WARN_QUOTED_INCLUDE_IN_FRAMEWORK_HEADER = YES;
				CLANG_WARN_RANGE_LOOP_ANALYSIS = YES;
				CLANG_WARN_STRICT_PROTOTYPES = YES;
				CLANG_WARN_SUSPICIOUS_MOVE = YES;
				CLANG_WARN_UNGUARDED_AVAILABILITY = YES_AGGRESSIVE;
				CLANG_WARN_UNREACHABLE_CODE = YES;
				CLANG_WARN__DUPLICATE_METHOD_MATCH = YES;
				COPY_PHASE_STRIP = NO;
				DEBUG_INFORMATION_FORMAT = "dwarf-with-dsym";
				ENABLE_NS_ASSERTIONS = NO;
				ENABLE_STRICT_OBJC_MSGSEND = YES;
				GCC_C_LANGUAGE_STANDARD = gnu11;
				GCC_NO_COMMON_BLOCKS = YES;
				GCC_WARN_64_TO_32_BIT_CONVERSION = YES;
				GCC_WARN_ABOUT_RETURN_TYPE = YES_ERROR;
				GCC_WARN_UNDECLARED_SELECTOR = YES;
				GCC_WARN_UNINITIALIZED_AUTOS = YES_AGGRESSIVE;
				GCC_WARN_UNUSED_FUNCTION = YES;
				GCC_WARN_UNUSED_VARIABLE = YES;
				MTL_ENABLE_DEBUG_INFO = NO;
				MTL_FAST_MATH = YES;
				SWIFT_COMPILATION_MODE = wholemodule;
				SWIFT_OPTIMIZATION_LEVEL = "-O";
			};
			name = Release;
		};
		64A38D992B31203400C6BE99 /* Debug */ = {
			isa = XCBuildConfiguration;
			buildSettings = {
				ASSETCATALOG_COMPILER_APPICON_NAME = AppIcon;
				ASSETCATALOG_COMPILER_GLOBAL_ACCENT_COLOR_NAME = AccentColor;
				CODE_SIGN_ENTITLEMENTS = "21-swift-imageClassifier/_1_swift_imageClassifier.entitlements";
				CODE_SIGN_STYLE = Automatic;
				CURRENT_PROJECT_VERSION = 1;
				DEVELOPMENT_ASSET_PATHS = "\"21-swift-imageClassifier/Preview Content\"";
				ENABLE_PREVIEWS = YES;
				GENERATE_INFOPLIST_FILE = YES;
				"INFOPLIST_KEY_UIApplicationSceneManifest_Generation[sdk=iphoneos*]" = YES;
				"INFOPLIST_KEY_UIApplicationSceneManifest_Generation[sdk=iphonesimulator*]" = YES;
				"INFOPLIST_KEY_UIApplicationSupportsIndirectInputEvents[sdk=iphoneos*]" = YES;
				"INFOPLIST_KEY_UIApplicationSupportsIndirectInputEvents[sdk=iphonesimulator*]" = YES;
				"INFOPLIST_KEY_UILaunchScreen_Generation[sdk=iphoneos*]" = YES;
				"INFOPLIST_KEY_UILaunchScreen_Generation[sdk=iphonesimulator*]" = YES;
				"INFOPLIST_KEY_UIStatusBarStyle[sdk=iphoneos*]" = UIStatusBarStyleDefault;
				"INFOPLIST_KEY_UIStatusBarStyle[sdk=iphonesimulator*]" = UIStatusBarStyleDefault;
				INFOPLIST_KEY_UISupportedInterfaceOrientations_iPad = "UIInterfaceOrientationPortrait UIInterfaceOrientationPortraitUpsideDown UIInterfaceOrientationLandscapeLeft UIInterfaceOrientationLandscapeRight";
				INFOPLIST_KEY_UISupportedInterfaceOrientations_iPhone = "UIInterfaceOrientationPortrait UIInterfaceOrientationLandscapeLeft UIInterfaceOrientationLandscapeRight";
				IPHONEOS_DEPLOYMENT_TARGET = 16.2;
				LD_RUNPATH_SEARCH_PATHS = "@executable_path/Frameworks";
				"LD_RUNPATH_SEARCH_PATHS[sdk=macosx*]" = "@executable_path/../Frameworks";
				MACOSX_DEPLOYMENT_TARGET = 12.6;
				MARKETING_VERSION = 1.0;
				PRODUCT_BUNDLE_IDENTIFIER = "ai.cherrypick.-1-swift-imageClassifier";
				PRODUCT_NAME = "$(TARGET_NAME)";
				SDKROOT = auto;
				SUPPORTED_PLATFORMS = "iphoneos iphonesimulator macosx";
				SWIFT_EMIT_LOC_STRINGS = YES;
				SWIFT_VERSION = 5.0;
				TARGETED_DEVICE_FAMILY = "1,2";
			};
			name = Debug;
		};
		64A38D9A2B31203400C6BE99 /* Release */ = {
			isa = XCBuildConfiguration;
			buildSettings = {
				ASSETCATALOG_COMPILER_APPICON_NAME = AppIcon;
				ASSETCATALOG_COMPILER_GLOBAL_ACCENT_COLOR_NAME = AccentColor;
				CODE_SIGN_ENTITLEMENTS = "21-swift-imageClassifier/_1_swift_imageClassifier.entitlements";
				CODE_SIGN_STYLE = Automatic;
				CURRENT_PROJECT_VERSION = 1;
				DEVELOPMENT_ASSET_PATHS = "\"21-swift-imageClassifier/Preview Content\"";
				ENABLE_PREVIEWS = YES;
				GENERATE_INFOPLIST_FILE = YES;
				"INFOPLIST_KEY_UIApplicationSceneManifest_Generation[sdk=iphoneos*]" = YES;
				"INFOPLIST_KEY_UIApplicationSceneManifest_Generation[sdk=iphonesimulator*]" = YES;
				"INFOPLIST_KEY_UIApplicationSupportsIndirectInputEvents[sdk=iphoneos*]" = YES;
				"INFOPLIST_KEY_UIApplicationSupportsIndirectInputEvents[sdk=iphonesimulator*]" = YES;
				"INFOPLIST_KEY_UILaunchScreen_Generation[sdk=iphoneos*]" = YES;
				"INFOPLIST_KEY_UILaunchScreen_Generation[sdk=iphonesimulator*]" = YES;
				"INFOPLIST_KEY_UIStatusBarStyle[sdk=iphoneos*]" = UIStatusBarStyleDefault;
				"INFOPLIST_KEY_UIStatusBarStyle[sdk=iphonesimulator*]" = UIStatusBarStyleDefault;
				INFOPLIST_KEY_UISupportedInterfaceOrientations_iPad = "UIInterfaceOrientationPortrait UIInterfaceOrientationPortraitUpsideDown UIInterfaceOrientationLandscapeLeft UIInterfaceOrientationLandscapeRight";
				INFOPLIST_KEY_UISupportedInterfaceOrientations_iPhone = "UIInterfaceOrientationPortrait UIInterfaceOrientationLandscapeLeft UIInterfaceOrientationLandscapeRight";
				IPHONEOS_DEPLOYMENT_TARGET = 16.2;
				LD_RUNPATH_SEARCH_PATHS = "@executable_path/Frameworks";
				"LD_RUNPATH_SEARCH_PATHS[sdk=macosx*]" = "@executable_path/../Frameworks";
				MACOSX_DEPLOYMENT_TARGET = 12.6;
				MARKETING_VERSION = 1.0;
				PRODUCT_BUNDLE_IDENTIFIER = "ai.cherrypick.-1-swift-imageClassifier";
				PRODUCT_NAME = "$(TARGET_NAME)";
				SDKROOT = auto;
				SUPPORTED_PLATFORMS = "iphoneos iphonesimulator macosx";
				SWIFT_EMIT_LOC_STRINGS = YES;
				SWIFT_VERSION = 5.0;
				TARGETED_DEVICE_FAMILY = "1,2";
			};
			name = Release;
		};
/* End XCBuildConfiguration section */

/* Begin XCConfigurationList section */
		64A38D842B31203200C6BE99 /* Build configuration list for PBXProject "21-swift-imageClassifier" */ = {
			isa = XCConfigurationList;
			buildConfigurations = (
				64A38D962B31203400C6BE99 /* Debug */,
				64A38D972B31203400C6BE99 /* Release */,
			);
			defaultConfigurationIsVisible = 0;
			defaultConfigurationName = Release;
		};
		64A38D982B31203400C6BE99 /* Build configuration list for PBXNativeTarget "21-swift-imageClassifier" */ = {
			isa = XCConfigurationList;
			buildConfigurations = (
				64A38D992B31203400C6BE99 /* Debug */,
				64A38D9A2B31203400C6BE99 /* Release */,
			);
			defaultConfigurationIsVisible = 0;
			defaultConfigurationName = Release;
		};
/* End XCConfigurationList section */
	};
	rootObject = 64A38D812B31203200C6BE99 /* Project object */;
}
